
Microsoft Visual Studio Solution File, Format Version 12.00
# Visual Studio Version 17
VisualStudioVersion = 17.6.33829.357
MinimumVisualStudioVersion = 10.0.40219.1
Project("{FAE04EC0-301F-11D3-BF4B-00C04F79EFBC}") = "Intern.API", "Intern.API\Intern.API.csproj", "{8C30BCAA-D509-44FA-AB98-56D590BF51FB}"
EndProject
Project("{FAE04EC0-301F-11D3-BF4B-00C04F79EFBC}") = "Intern.DataAccess", "Intern.DataAccess\Intern.DataAccess.csproj", "{E513FD68-F61E-47AC-9EC2-F4C318C32791}"
EndProject
Project("{FAE04EC0-301F-11D3-BF4B-00C04F79EFBC}") = "Intern.IdentityServer", "Intern.IdentityServer\Intern.IdentityServer.csproj", "{F3822E8E-5DAF-41D3-981C-60DDA25B37E3}"
EndProject
Global
	GlobalSection(SolutionConfigurationPlatforms) = preSolution
		Debug|Any CPU = Debug|Any CPU
		Release|Any CPU = Release|Any CPU
	EndGlobalSection
	GlobalSection(ProjectConfigurationPlatforms) = postSolution
		{8C30BCAA-D509-44FA-AB98-56D590BF51FB}.Debug|Any CPU.ActiveCfg = Debug|Any CPU
		{8C30BCAA-D509-44FA-AB98-56D590BF51FB}.Debug|Any CPU.Build.0 = Debug|Any CPU
		{8C30BCAA-D509-44FA-AB98-56D590BF51FB}.Release|Any CPU.ActiveCfg = Release|Any CPU
		{8C30BCAA-D509-44FA-AB98-56D590BF51FB}.Release|Any CPU.Build.0 = Release|Any CPU
		{E513FD68-F61E-47AC-9EC2-F4C318C32791}.Debug|Any CPU.ActiveCfg = Debug|Any CPU
		{E513FD68-F61E-47AC-9EC2-F4C318C32791}.Debug|Any CPU.Build.0 = Debug|Any CPU
		{E513FD68-F61E-47AC-9EC2-F4C318C32791}.Release|Any CPU.ActiveCfg = Release|Any CPU
		{E513FD68-F61E-47AC-9EC2-F4C318C32791}.Release|Any CPU.Build.0 = Release|Any CPU
		{F3822E8E-5DAF-41D3-981C-60DDA25B37E3}.Debug|Any CPU.ActiveCfg = Debug|Any CPU
		{F3822E8E-5DAF-41D3-981C-60DDA25B37E3}.Debug|Any CPU.Build.0 = Debug|Any CPU
		{F3822E8E-5DAF-41D3-981C-60DDA25B37E3}.Release|Any CPU.ActiveCfg = Release|Any CPU
		{F3822E8E-5DAF-41D3-981C-60DDA25B37E3}.Release|Any CPU.Build.0 = Release|Any CPU
	EndGlobalSection
	GlobalSection(SolutionProperties) = preSolution
		HideSolutionNode = FALSE
	EndGlobalSection
	GlobalSection(ExtensibilityGlobals) = postSolution
		SolutionGuid = {9A122478-1C36-4E67-ACA2-624F8C0EFD38}
	EndGlobalSection
EndGlobal
